Microsoft Visual Studio Solution File, Format Version 11.00
# Visual Studio 2008

Project("{E4A7205C-02C7-F30F-E964-97C10E7319D3}") = "5-UDE v2.0.2", "Assembly-CSharp-vs.csproj", "{6172D73D-1901-137A-08AA-352D586D932B}"
EndProject
Project("{E4A7205C-02C7-F30F-E964-97C10E7319D3}") = "5-UDE v2.0.2", "Assembly-CSharp-Editor-vs.csproj", "{DD56653A-2F81-8A56-9436-5A49D4FBBAEE}"
EndProject
Global
	GlobalSection(SolutionConfigurationPlatforms) = preSolution
		Debug|Any CPU = Debug|Any CPU
		Release|Any CPU = Release|Any CPU
	EndGlobalSection
	GlobalSection(ProjectConfigurationPlatforms) = postSolution
		{6172D73D-1901-137A-08AA-352D586D932B}.Debug|Any CPU.ActiveCfg = Debug|Any CPU
		{6172D73D-1901-137A-08AA-352D586D932B}.Debug|Any CPU.Build.0 = Debug|Any CPU
		{6172D73D-1901-137A-08AA-352D586D932B}.Release|Any CPU.ActiveCfg = Release|Any CPU
		{6172D73D-1901-137A-08AA-352D586D932B}.Release|Any CPU.Build.0 = Release|Any CPU
		{DD56653A-2F81-8A56-9436-5A49D4FBBAEE}.Debug|Any CPU.ActiveCfg = Debug|Any CPU
		{DD56653A-2F81-8A56-9436-5A49D4FBBAEE}.Debug|Any CPU.Build.0 = Debug|Any CPU
		{DD56653A-2F81-8A56-9436-5A49D4FBBAEE}.Release|Any CPU.ActiveCfg = Release|Any CPU
		{DD56653A-2F81-8A56-9436-5A49D4FBBAEE}.Release|Any CPU.Build.0 = Release|Any CPU
	EndGlobalSection
	GlobalSection(SolutionProperties) = preSolution
		HideSolutionNode = FALSE
	EndGlobalSection
																																	GlobalSection(MonoDevelopProperties) = preSolution
		StartupItem = Assembly-CSharp.csproj
		Policies = $0
		$0.TextStylePolicy = $1
		$1.inheritsSet = null
		$1.scope = text/x-csharp
		$0.CSharpFormattingPolicy = $2
		$2.inheritsSet = Mono
		$2.inheritsScope = text/x-csharp
		$2.scope = text/x-csharp
		$0.TextStylePolicy = $3
		$3.FileWidth = 120
		$3.TabWidth = 4
		$3.EolMarker = Unix
		$3.inheritsSet = Mono
		$3.inheritsScope = text/plain
		$3.scope = text/plain
	EndGlobalSection

EndGlobal
